// !$*UTF8*$!
{
	archiveVersion = 1;
	classes = {
	};
	objectVersion = 48;
	objects = {

/* Begin PBXBuildFile section */
		025968571FDCAFE40007B01B /* Swap.swift in Sources */ = {isa = PBXBuildFile; fileRef = 025968561FDCAFE40007B01B /* Swap.swift */; };
		025968851FDCCFB00007B01B /* Scrape.wav in Resources */ = {isa = PBXBuildFile; fileRef = 0259687F1FDCCFB00007B01B /* Scrape.wav */; };
		025968861FDCCFB00007B01B /* Ka-Ching.wav in Resources */ = {isa = PBXBuildFile; fileRef = 025968801FDCCFB00007B01B /* Ka-Ching.wav */; };
		025968871FDCCFB00007B01B /* Mining by Moonlight.mp3 in Resources */ = {isa = PBXBuildFile; fileRef = 025968811FDCCFB00007B01B /* Mining by Moonlight.mp3 */; };
		025968881FDCCFB00007B01B /* Drip.wav in Resources */ = {isa = PBXBuildFile; fileRef = 025968821FDCCFB00007B01B /* Drip.wav */; };
		025968891FDCCFB00007B01B /* Chomp.wav in Resources */ = {isa = PBXBuildFile; fileRef = 025968831FDCCFB00007B01B /* Chomp.wav */; };
		0259688A1FDCCFB00007B01B /* Error.wav in Resources */ = {isa = PBXBuildFile; fileRef = 025968841FDCCFB00007B01B /* Error.wav */; };
		0259688C1FDDD0B30007B01B /* Chain.swift in Sources */ = {isa = PBXBuildFile; fileRef = 0259688B1FDDD0B30007B01B /* Chain.swift */; };
		0259688E1FDF25A60007B01B /* Grid.atlas in Resources */ = {isa = PBXBuildFile; fileRef = 0259688D1FDF25A60007B01B /* Grid.atlas */; };
		02D633D51FC534C5000BCB6B /* AppDelegate.swift in Sources */ = {isa = PBXBuildFile; fileRef = 02D633D41FC534C5000BCB6B /* AppDelegate.swift */; };
		02D633DB1FC534C5000BCB6B /* GameScene.swift in Sources */ = {isa = PBXBuildFile; fileRef = 02D633DA1FC534C5000BCB6B /* GameScene.swift */; };
		02D633DD1FC534C5000BCB6B /* GameViewController.swift in Sources */ = {isa = PBXBuildFile; fileRef = 02D633DC1FC534C5000BCB6B /* GameViewController.swift */; };
		02D633E01FC534C5000BCB6B /* Main.storyboard in Resources */ = {isa = PBXBuildFile; fileRef = 02D633DE1FC534C5000BCB6B /* Main.storyboard */; };
		02D633E21FC534C5000BCB6B /* Assets.xcassets in Resources */ = {isa = PBXBuildFile; fileRef = 02D633E11FC534C5000BCB6B /* Assets.xcassets */; };
		02D633E51FC534C5000BCB6B /* LaunchScreen.storyboard in Resources */ = {isa = PBXBuildFile; fileRef = 02D633E31FC534C5000BCB6B /* LaunchScreen.storyboard */; };
		02D633ED1FC53551000BCB6B /* Sprites.atlas in Resources */ = {isa = PBXBuildFile; fileRef = 02D633EC1FC53551000BCB6B /* Sprites.atlas */; };
		02D633EF1FC537D2000BCB6B /* Cookie.swift in Sources */ = {isa = PBXBuildFile; fileRef = 02D633EE1FC537D2000BCB6B /* Cookie.swift */; };
		02D633F11FC53B81000BCB6B /* Array2D.swift in Sources */ = {isa = PBXBuildFile; fileRef = 02D633F01FC53B81000BCB6B /* Array2D.swift */; };
		02D633F31FC53E4D000BCB6B /* Level.swift in Sources */ = {isa = PBXBuildFile; fileRef = 02D633F21FC53E4D000BCB6B /* Level.swift */; };
		02D633F51FC545D8000BCB6B /* Levels in Resources */ = {isa = PBXBuildFile; fileRef = 02D633F41FC545D8000BCB6B /* Levels */; };
		02D633F71FC54652000BCB6B /* Tile.swift in Sources */ = {isa = PBXBuildFile; fileRef = 02D633F61FC54652000BCB6B /* Tile.swift */; };
		02D633F91FC54731000BCB6B /* Extensions.swift in Sources */ = {isa = PBXBuildFile; fileRef = 02D633F81FC54731000BCB6B /* Extensions.swift */; };
		02D634001FC55022000BCB6B /* Level_2.json in Resources */ = {isa = PBXBuildFile; fileRef = 02D633FB1FC55022000BCB6B /* Level_2.json */; };
		02D634011FC55022000BCB6B /* Level_3.json in Resources */ = {isa = PBXBuildFile; fileRef = 02D633FC1FC55022000BCB6B /* Level_3.json */; };
		02D634021FC55022000BCB6B /* Level_4.json in Resources */ = {isa = PBXBuildFile; fileRef = 02D633FD1FC55022000BCB6B /* Level_4.json */; };
		02D634031FC55022000BCB6B /* Level_0.json in Resources */ = {isa = PBXBuildFile; fileRef = 02D633FE1FC55022000BCB6B /* Level_0.json */; };
		02D634041FC55022000BCB6B /* Level_1.json in Resources */ = {isa = PBXBuildFile; fileRef = 02D633FF1FC55022000BCB6B /* Level_1.json */; };
/* End PBXBuildFile section */

/* Begin PBXFileReference section */
		025968561FDCAFE40007B01B /* Swap.swift */ = {isa = PBXFileReference; lastKnownFileType = sourcecode.swift; path = Swap.swift; sourceTree = "<group>"; };
		0259687F1FDCCFB00007B01B /* Scrape.wav */ = {isa = PBXFileReference; lastKnownFileType = audio.wav; path = Scrape.wav; sourceTree = "<group>"; };
		025968801FDCCFB00007B01B /* Ka-Ching.wav */ = {isa = PBXFileReference; lastKnownFileType = audio.wav; path = "Ka-Ching.wav"; sourceTree = "<group>"; };
		025968811FDCCFB00007B01B /* Mining by Moonlight.mp3 */ = {isa = PBXFileReference; lastKnownFileType = audio.mp3; path = "Mining by Moonlight.mp3"; sourceTree = "<group>"; };
		025968821FDCCFB00007B01B /* Drip.wav */ = {isa = PBXFileReference; lastKnownFileType = audio.wav; path = Drip.wav; sourceTree = "<group>"; };
		025968831FDCCFB00007B01B /* Chomp.wav */ = {isa = PBXFileReference; lastKnownFileType = audio.wav; path = Chomp.wav; sourceTree = "<group>"; };
		025968841FDCCFB00007B01B /* Error.wav */ = {isa = PBXFileReference; lastKnownFileType = audio.wav; path = Error.wav; sourceTree = "<group>"; };
		0259688B1FDDD0B30007B01B /* Chain.swift */ = {isa = PBXFileReference; lastKnownFileType = sourcecode.swift; path = Chain.swift; sourceTree = "<group>"; };
		0259688D1FDF25A60007B01B /* Grid.atlas */ = {isa = PBXFileReference; lastKnownFileType = folder.skatlas; path = Grid.atlas; sourceTree = "<group>"; };
		02D633D11FC534C5000BCB6B /* RWCookieCrunch.app */ = {isa = PBXFileReference; explicitFileType = wrapper.application; includeInIndex = 0; path = RWCookieCrunch.app; sourceTree = BUILT_PRODUCTS_DIR; };
		02D633D41FC534C5000BCB6B /* AppDelegate.swift */ = {isa = PBXFileReference; lastKnownFileType = sourcecode.swift; path = AppDelegate.swift; sourceTree = "<group>"; };
		02D633DA1FC534C5000BCB6B /* GameScene.swift */ = {isa = PBXFileReference; lastKnownFileType = sourcecode.swift; path = GameScene.swift; sourceTree = "<group>"; };
		02D633DC1FC534C5000BCB6B /* GameViewController.swift */ = {isa = PBXFileReference; lastKnownFileType = sourcecode.swift; path = GameViewController.swift; sourceTree = "<group>"; };
		02D633DF1FC534C5000BCB6B /* Base */ = {isa = PBXFileReference; lastKnownFileType = file.storyboard; name = Base; path = Base.lproj/Main.storyboard; sourceTree = "<group>"; };
		02D633E11FC534C5000BCB6B /* Assets.xcassets */ = {isa = PBXFileReference; lastKnownFileType = folder.assetcatalog; path = Assets.xcassets; sourceTree = "<group>"; };
		02D633E41FC534C5000BCB6B /* Base */ = {isa = PBXFileReference; lastKnownFileType = file.storyboard; name = Base; path = Base.lproj/LaunchScreen.storyboard; sourceTree = "<group>"; };
		02D633E61FC534C5000BCB6B /* Info.plist */ = {isa = PBXFileReference; lastKnownFileType = text.plist.xml; path = Info.plist; sourceTree = "<group>"; };
		02D633EC1FC53551000BCB6B /* Sprites.atlas */ = {isa = PBXFileReference; lastKnownFileType = folder.skatlas; path = Sprites.atlas; sourceTree = "<group>"; };
		02D633EE1FC537D2000BCB6B /* Cookie.swift */ = {isa = PBXFileReference; lastKnownFileType = sourcecode.swift; path = Cookie.swift; sourceTree = "<group>"; };
		02D633F01FC53B81000BCB6B /* Array2D.swift */ = {isa = PBXFileReference; lastKnownFileType = sourcecode.swift; path = Array2D.swift; sourceTree = "<group>"; };
		02D633F21FC53E4D000BCB6B /* Level.swift */ = {isa = PBXFileReference; lastKnownFileType = sourcecode.swift; path = Level.swift; sourceTree = "<group>"; };
		02D633F41FC545D8000BCB6B /* Levels */ = {isa = PBXFileReference; lastKnownFileType = folder; path = Levels; sourceTree = "<group>"; };
		02D633F61FC54652000BCB6B /* Tile.swift */ = {isa = PBXFileReference; lastKnownFileType = sourcecode.swift; path = Tile.swift; sourceTree = "<group>"; };
		02D633F81FC54731000BCB6B /* Extensions.swift */ = {isa = PBXFileReference; lastKnownFileType = sourcecode.swift; path = Extensions.swift; sourceTree = "<group>"; };
		02D633FB1FC55022000BCB6B /* Level_2.json */ = {isa = PBXFileReference; fileEncoding = 4; lastKnownFileType = text.json; path = Level_2.json; sourceTree = "<group>"; };
		02D633FC1FC55022000BCB6B /* Level_3.json */ = {isa = PBXFileReference; fileEncoding = 4; lastKnownFileType = text.json; path = Level_3.json; sourceTree = "<group>"; };
		02D633FD1FC55022000BCB6B /* Level_4.json */ = {isa = PBXFileReference; fileEncoding = 4; lastKnownFileType = text.json; path = Level_4.json; sourceTree = "<group>"; };
		02D633FE1FC55022000BCB6B /* Level_0.json */ = {isa = PBXFileReference; fileEncoding = 4; lastKnownFileType = text.json; path = Level_0.json; sourceTree = "<group>"; };
		02D633FF1FC55022000BCB6B /* Level_1.json */ = {isa = PBXFileReference; fileEncoding = 4; lastKnownFileType = text.json; path = Level_1.json; sourceTree = "<group>"; };
/* End PBXFileReference section */

/* Begin PBXFrameworksBuildPhase section */
		02D633CE1FC534C5000BCB6B /* Frameworks */ = {
			isa = PBXFrameworksBuildPhase;
			buildActionMask = 2147483647;
			files = (
			);
			runOnlyForDeploymentPostprocessing = 0;
		};
/* End PBXFrameworksBuildPhase section */

/* Begin PBXGroup section */
		0259687E1FDCCFB00007B01B /* Sounds */ = {
			isa = PBXGroup;
			children = (
				0259687F1FDCCFB00007B01B /* Scrape.wav */,
				025968801FDCCFB00007B01B /* Ka-Ching.wav */,
				025968811FDCCFB00007B01B /* Mining by Moonlight.mp3 */,
				025968821FDCCFB00007B01B /* Drip.wav */,
				025968831FDCCFB00007B01B /* Chomp.wav */,
				025968841FDCCFB00007B01B /* Error.wav */,
			);
			path = Sounds;
			sourceTree = "<group>";
		};
		02D633C81FC534C5000BCB6B = {
			isa = PBXGroup;
			children = (
				02D633D31FC534C5000BCB6B /* RWCookieCrunch */,
				02D633D21FC534C5000BCB6B /* Products */,
			);
			sourceTree = "<group>";
		};
		02D633D21FC534C5000BCB6B /* Products */ = {
			isa = PBXGroup;
			children = (
				02D633D11FC534C5000BCB6B /* RWCookieCrunch.app */,
			);
			name = Products;
			sourceTree = "<group>";
		};
		02D633D31FC534C5000BCB6B /* RWCookieCrunch */ = {
			isa = PBXGroup;
			children = (
				02D633DC1FC534C5000BCB6B /* GameViewController.swift */,
				02D633F21FC53E4D000BCB6B /* Level.swift */,
				02D633DA1FC534C5000BCB6B /* GameScene.swift */,
				025968561FDCAFE40007B01B /* Swap.swift */,
				02D633EE1FC537D2000BCB6B /* Cookie.swift */,
				02D633F01FC53B81000BCB6B /* Array2D.swift */,
				02D633F61FC54652000BCB6B /* Tile.swift */,
				0259688B1FDDD0B30007B01B /* Chain.swift */,
				02D633F81FC54731000BCB6B /* Extensions.swift */,
				02D633D41FC534C5000BCB6B /* AppDelegate.swift */,
				02D633DE1FC534C5000BCB6B /* Main.storyboard */,
				02D633FA1FC55022000BCB6B /* Levels */,
				02D633E11FC534C5000BCB6B /* Assets.xcassets */,
				02D633F41FC545D8000BCB6B /* Levels */,
				02D633EC1FC53551000BCB6B /* Sprites.atlas */,
				02D633E31FC534C5000BCB6B /* LaunchScreen.storyboard */,
				0259688D1FDF25A60007B01B /* Grid.atlas */,
				02D633E61FC534C5000BCB6B /* Info.plist */,
				0259687E1FDCCFB00007B01B /* Sounds */,
			);
			path = RWCookieCrunch;
			sourceTree = "<group>";
		};
		02D633FA1FC55022000BCB6B /* Levels */ = {
			isa = PBXGroup;
			children = (
				02D633FB1FC55022000BCB6B /* Level_2.json */,
				02D633FC1FC55022000BCB6B /* Level_3.json */,
				02D633FD1FC55022000BCB6B /* Level_4.json */,
				02D633FE1FC55022000BCB6B /* Level_0.json */,
				02D633FF1FC55022000BCB6B /* Level_1.json */,
			);
			name = Levels;
			path = "../../../../Development/RayWenderlich/CookieCrunch Assets/Resources/Levels";
			sourceTree = "<group>";
		};
/* End PBXGroup section */

/* Begin PBXNativeTarget section */
		02D633D01FC534C5000BCB6B /* RWCookieCrunch */ = {
			isa = PBXNativeTarget;
			buildConfigurationList = 02D633E91FC534C5000BCB6B /* Build configuration list for PBXNativeTarget "RWCookieCrunch" */;
			buildPhases = (
				02D633CD1FC534C5000BCB6B /* Sources */,
				02D633CE1FC534C5000BCB6B /* Frameworks */,
				02D633CF1FC534C5000BCB6B /* Resources */,
			);
			buildRules = (
			);
			dependencies = (
			);
			name = RWCookieCrunch;
			productName = RWCookieCrunch;
			productReference = 02D633D11FC534C5000BCB6B /* RWCookieCrunch.app */;
			productType = "com.apple.product-type.application";
		};
/* End PBXNativeTarget section */

/* Begin PBXProject section */
		02D633C91FC534C5000BCB6B /* Project object */ = {
			isa = PBXProject;
			attributes = {
				LastSwiftUpdateCheck = 0910;
				LastUpgradeCheck = 0910;
				ORGANIZATIONNAME = "Skyler Svendsen";
				TargetAttributes = {
					02D633D01FC534C5000BCB6B = {
						CreatedOnToolsVersion = 9.1;
						ProvisioningStyle = Automatic;
					};
				};
			};
			buildConfigurationList = 02D633CC1FC534C5000BCB6B /* Build configuration list for PBXProject "RWCookieCrunch" */;
			compatibilityVersion = "Xcode 8.0";
			developmentRegion = en;
			hasScannedForEncodings = 0;
			knownRegions = (
				en,
				Base,
			);
			mainGroup = 02D633C81FC534C5000BCB6B;
			productRefGroup = 02D633D21FC534C5000BCB6B /* Products */;
			projectDirPath = "";
			projectRoot = "";
			targets = (
				02D633D01FC534C5000BCB6B /* RWCookieCrunch */,
			);
		};
/* End PBXProject section */

/* Begin PBXResourcesBuildPhase section */
		02D633CF1FC534C5000BCB6B /* Resources */ = {
			isa = PBXResourcesBuildPhase;
			buildActionMask = 2147483647;
			files = (
				02D633F51FC545D8000BCB6B /* Levels in Resources */,
				025968881FDCCFB00007B01B /* Drip.wav in Resources */,
				0259688E1FDF25A60007B01B /* Grid.atlas in Resources */,
				02D634031FC55022000BCB6B /* Level_0.json in Resources */,
				025968861FDCCFB00007B01B /* Ka-Ching.wav in Resources */,
				025968891FDCCFB00007B01B /* Chomp.wav in Resources */,
				02D634001FC55022000BCB6B /* Level_2.json in Resources */,
				02D634011FC55022000BCB6B /* Level_3.json in Resources */,
				025968871FDCCFB00007B01B /* Mining by Moonlight.mp3 in Resources */,
				025968851FDCCFB00007B01B /* Scrape.wav in Resources */,
				02D633ED1FC53551000BCB6B /* Sprites.atlas in Resources */,
				02D633E01FC534C5000BCB6B /* Main.storyboard in Resources */,
				02D634041FC55022000BCB6B /* Level_1.json in Resources */,
				02D633E21FC534C5000BCB6B /* Assets.xcassets in Resources */,
				02D633E51FC534C5000BCB6B /* LaunchScreen.storyboard in Resources */,
				02D634021FC55022000BCB6B /* Level_4.json in Resources */,
				0259688A1FDCCFB00007B01B /* Error.wav in Resources */,
			);
			runOnlyForDeploymentPostprocessing = 0;
		};
/* End PBXResourcesBuildPhase section */

/* Begin PBXSourcesBuildPhase section */
		02D633CD1FC534C5000BCB6B /* Sources */ = {
			isa = PBXSourcesBuildPhase;
			buildActionMask = 2147483647;
			files = (
				02D633F31FC53E4D000BCB6B /* Level.swift in Sources */,
				02D633DB1FC534C5000BCB6B /* GameScene.swift in Sources */,
				02D633EF1FC537D2000BCB6B /* Cookie.swift in Sources */,
				02D633F91FC54731000BCB6B /* Extensions.swift in Sources */,
				02D633F71FC54652000BCB6B /* Tile.swift in Sources */,
				0259688C1FDDD0B30007B01B /* Chain.swift in Sources */,
				02D633DD1FC534C5000BCB6B /* GameViewController.swift in Sources */,
				02D633D51FC534C5000BCB6B /* AppDelegate.swift in Sources */,
				02D633F11FC53B81000BCB6B /* Array2D.swift in Sources */,
				025968571FDCAFE40007B01B /* Swap.swift in Sources */,
			);
			runOnlyForDeploymentPostprocessing = 0;
		};
/* End PBXSourcesBuildPhase section */

/* Begin PBXVariantGroup section */
		02D633DE1FC534C5000BCB6B /* Main.storyboard */ = {
			isa = PBXVariantGroup;
			children = (
				02D633DF1FC534C5000BCB6B /* Base */,
			);
			name = Main.storyboard;
			sourceTree = "<group>";
		};
		02D633E31FC534C5000BCB6B /* LaunchScreen.storyboard */ = {
			isa = PBXVariantGroup;
			children = (
				02D633E41FC534C5000BCB6B /* Base */,
			);
			name = LaunchScreen.storyboard;
			sourceTree = "<group>";
		};
/* End PBXVariantGroup section */

/* Begin XCBuildConfiguration section */
		02D633E71FC534C5000BCB6B /* Debug */ = {
			isa = XCBuildConfiguration;
			buildSettings = {
				ALWAYS_SEARCH_USER_PATHS = NO;
				CLANG_ANALYZER_NONNULL = YES;
				CLANG_ANALYZER_NUMBER_OBJECT_CONVERSION = YES_AGGRESSIVE;
				CLANG_CXX_LANGUAGE_STANDARD = "gnu++14";
				CLANG_CXX_LIBRARY = "libc++";
				CLANG_ENABLE_MODULES = YES;
				CLANG_ENABLE_OBJC_ARC = YES;
				CLANG_WARN_BLOCK_CAPTURE_AUTORELEASING = YES;
				CLANG_WARN_BOOL_CONVERSION = YES;
				CLANG_WARN_COMMA = YES;
				CLANG_WARN_CONSTANT_CONVERSION = YES;
				CLANG_WARN_DIRECT_OBJC_ISA_USAGE = YES_ERROR;
				CLANG_WARN_DOCUMENTATION_COMMENTS = YES;
				CLANG_WARN_EMPTY_BODY = YES;
				CLANG_WARN_ENUM_CONVERSION = YES;
				CLANG_WARN_INFINITE_RECURSION = YES;
				CLANG_WARN_INT_CONVERSION = YES;
				CLANG_WARN_NON_LITERAL_NULL_CONVERSION = YES;
				CLANG_WARN_OBJC_LITERAL_CONVERSION = YES;
				CLANG_WARN_OBJC_ROOT_CLASS = YES_ERROR;
				CLANG_WARN_RANGE_LOOP_ANALYSIS = YES;
				CLANG_WARN_STRICT_PROTOTYPES = YES;
				CLANG_WARN_SUSPICIOUS_MOVE = YES;
				CLANG_WARN_UNGUARDED_AVAILABILITY = YES_AGGRESSIVE;
				CLANG_WARN_UNREACHABLE_CODE = YES;
				CLANG_WARN__DUPLICATE_METHOD_MATCH = YES;
				CODE_SIGN_IDENTITY = "iPhone Developer";
				COPY_PHASE_STRIP = NO;
				DEBUG_INFORMATION_FORMAT = dwarf;
				ENABLE_STRICT_OBJC_MSGSEND = YES;
				ENABLE_TESTABILITY = YES;
				GCC_C_LANGUAGE_STANDARD = gnu11;
				GCC_DYNAMIC_NO_PIC = NO;
				GCC_NO_COMMON_BLOCKS = YES;
				GCC_OPTIMIZATION_LEVEL = 0;
				GCC_PREPROCESSOR_DEFINITIONS = (
					"DEBUG=1",
					"$(inherited)",
				);
				GCC_WARN_64_TO_32_BIT_CONVERSION = YES;
				GCC_WARN_ABOUT_RETURN_TYPE = YES_ERROR;
				GCC_WARN_UNDECLARED_SELECTOR = YES;
				GCC_WARN_UNINITIALIZED_AUTOS = YES_AGGRESSIVE;
				GCC_WARN_UNUSED_FUNCTION = YES;
				GCC_WARN_UNUSED_VARIABLE = YES;
				IPHONEOS_DEPLOYMENT_TARGET = 11.1;
				MTL_ENABLE_DEBUG_INFO = YES;
				ONLY_ACTIVE_ARCH = YES;
				SDKROOT = iphoneos;
				SWIFT_ACTIVE_COMPILATION_CONDITIONS = DEBUG;
				SWIFT_OPTIMIZATION_LEVEL = "-Onone";
			};
			name = Debug;
		};
		02D633E81FC534C5000BCB6B /* Release */ = {
			isa = XCBuildConfiguration;
			buildSettings = {
				ALWAYS_SEARCH_USER_PATHS = NO;
				CLANG_ANALYZER_NONNULL = YES;
				CLANG_ANALYZER_NUMBER_OBJECT_CONVERSION = YES_AGGRESSIVE;
				CLANG_CXX_LANGUAGE_STANDARD = "gnu++14";
				CLANG_CXX_LIBRARY = "libc++";
				CLANG_ENABLE_MODULES = YES;
				CLANG_ENABLE_OBJC_ARC = YES;
				CLANG_WARN_BLOCK_CAPTURE_AUTORELEASING = YES;
				CLANG_WARN_BOOL_CONVERSION = YES;
				CLANG_WARN_COMMA = YES;
				CLANG_WARN_CONSTANT_CONVERSION = YES;
				CLANG_WARN_DIRECT_OBJC_ISA_USAGE = YES_ERROR;
				CLANG_WARN_DOCUMENTATION_COMMENTS = YES;
				CLANG_WARN_EMPTY_BODY = YES;
				CLANG_WARN_ENUM_CONVERSION = YES;
				CLANG_WARN_INFINITE_RECURSION = YES;
				CLANG_WARN_INT_CONVERSION = YES;
				CLANG_WARN_NON_LITERAL_NULL_CONVERSION = YES;
				CLANG_WARN_OBJC_LITERAL_CONVERSION = YES;
				CLANG_WARN_OBJC_ROOT_CLASS = YES_ERROR;
				CLANG_WARN_RANGE_LOOP_ANALYSIS = YES;
				CLANG_WARN_STRICT_PROTOTYPES = YES;
				CLANG_WARN_SUSPICIOUS_MOVE = YES;
				CLANG_WARN_UNGUARDED_AVAILABILITY = YES_AGGRESSIVE;
				CLANG_WARN_UNREACHABLE_CODE = YES;
				CLANG_WARN__DUPLICATE_METHOD_MATCH = YES;
				CODE_SIGN_IDENTITY = "iPhone Developer";
				COPY_PHASE_STRIP = NO;
				DEBUG_INFORMATION_FORMAT = "dwarf-with-dsym";
				ENABLE_NS_ASSERTIONS = NO;
				ENABLE_STRICT_OBJC_MSGSEND = YES;
				GCC_C_LANGUAGE_STANDARD = gnu11;
				GCC_NO_COMMON_BLOCKS = YES;
				GCC_WARN_64_TO_32_BIT_CONVERSION = YES;
				GCC_WARN_ABOUT_RETURN_TYPE = YES_ERROR;
				GCC_WARN_UNDECLARED_SELECTOR = YES;
				GCC_WARN_UNINITIALIZED_AUTOS = YES_AGGRESSIVE;
				GCC_WARN_UNUSED_FUNCTION = YES;
				GCC_WARN_UNUSED_VARIABLE = YES;
				IPHONEOS_DEPLOYMENT_TARGET = 11.1;
				MTL_ENABLE_DEBUG_INFO = NO;
				SDKROOT = iphoneos;
				SWIFT_OPTIMIZATION_LEVEL = "-Owholemodule";
				VALIDATE_PRODUCT = YES;
			};
			name = Release;
		};
		02D633EA1FC534C5000BCB6B /* Debug */ = {
			isa = XCBuildConfiguration;
			buildSettings = {
				ASSETCATALOG_COMPILER_APPICON_NAME = AppIcon;
				CODE_SIGN_STYLE = Automatic;
				DEVELOPMENT_TEAM = XF4U8W5J97;
				INFOPLIST_FILE = RWCookieCrunch/Info.plist;
				LD_RUNPATH_SEARCH_PATHS = "$(inherited) @executable_path/Frameworks";
				PRODUCT_BUNDLE_IDENTIFIER = SkylerSvendsen.RWCookieCrunch;
				PRODUCT_NAME = "$(TARGET_NAME)";
				SWIFT_VERSION = 4.0;
				TARGETED_DEVICE_FAMILY = 1;
			};
			name = Debug;
		};
		02D633EB1FC534C5000BCB6B /* Release */ = {
			isa = XCBuildConfiguration;
			buildSettings = {
				ASSETCATALOG_COMPILER_APPICON_NAME = AppIcon;
				CODE_SIGN_STYLE = Automatic;
				DEVELOPMENT_TEAM = XF4U8W5J97;
				INFOPLIST_FILE = RWCookieCrunch/Info.plist;
				LD_RUNPATH_SEARCH_PATHS = "$(inherited) @executable_path/Frameworks";
				PRODUCT_BUNDLE_IDENTIFIER = SkylerSvendsen.RWCookieCrunch;
				PRODUCT_NAME = "$(TARGET_NAME)";
				SWIFT_VERSION = 4.0;
				TARGETED_DEVICE_FAMILY = 1;
			};
			name = Release;
		};
/* End XCBuildConfiguration section */

/* Begin XCConfigurationList section */
		02D633CC1FC534C5000BCB6B /* Build configuration list for PBXProject "RWCookieCrunch" */ = {
			isa = XCConfigurationList;
			buildConfigurations = (
				02D633E71FC534C5000BCB6B /* Debug */,
				02D633E81FC534C5000BCB6B /* Release */,
			);
			defaultConfigurationIsVisible = 0;
			defaultConfigurationName = Release;
		};
		02D633E91FC534C5000BCB6B /* Build configuration list for PBXNativeTarget "RWCookieCrunch" */ = {
			isa = XCConfigurationList;
			buildConfigurations = (
				02D633EA1FC534C5000BCB6B /* Debug */,
				02D633EB1FC534C5000BCB6B /* Release */,
			);
			defaultConfigurationIsVisible = 0;
			defaultConfigurationName = Release;
		};
/* End XCConfigurationList section */
	};
	rootObject = 02D633C91FC534C5000BCB6B /* Project object */;
}
